
Microsoft Visual Studio Solution File, Format Version 12.00
# Visual Studio 15
Project("{FAE04EC0-301F-11D3-BF4B-00C04F79EFBC}") = "Clase10", "Clase10.csproj", "{DA9210DA-E3D5-4491-B62A-E510B560B086}"
EndProject
Global
	GlobalSection(SolutionConfigurationPlatforms) = preSolution
		Debug|Any CPU = Debug|Any CPU
		Release|Any CPU = Release|Any CPU
	EndGlobalSection
	GlobalSection(ProjectConfigurationPlatforms) = postSolution
		{DA9210DA-E3D5-4491-B62A-E510B560B086}.Debug|Any CPU.ActiveCfg = Debug|Any CPU
		{DA9210DA-E3D5-4491-B62A-E510B560B086}.Debug|Any CPU.Build.0 = Debug|Any CPU
		{DA9210DA-E3D5-4491-B62A-E510B560B086}.Release|Any CPU.ActiveCfg = Release|Any CPU
		{DA9210DA-E3D5-4491-B62A-E510B560B086}.Release|Any CPU.Build.0 = Release|Any CPU
	EndGlobalSection
EndGlobal
